{
  "name": "MyOrderApp",
  "lockfileVersion": 2,
  "requires": true,
  "packages": {
    "": {
      "dependencies": {
        "ngx-swiper-wrapper": "^10.0.0"
      }
    },
    "node_modules/@angular/common": {
      "version": "13.1.0",
      "resolved": "https://registry.npmjs.org/@angular/common/-/common-13.1.0.tgz",
      "integrity": "sha512-bDuxl9N2fsaDrkNNuyNEdXMLwCCkjT9ru03QzP+b9RxmCBoUGeHD0uN61N5PMrsKq2RxB6jv4MJQJjT+jQqTsA==",
      "peer": true,
      "dependencies": {
        "tslib": "^2.3.0"
      },
      "engines": {
        "node": "^12.20.0 || ^14.15.0 || >=16.10.0"
      },
      "peerDependencies": {
        "@angular/core": "13.1.0",
        "rxjs": "^6.5.3 || ^7.4.0"
      }
    },
    "node_modules/@angular/core": {
      "version": "13.1.0",
      "resolved": "https://registry.npmjs.org/@angular/core/-/core-13.1.0.tgz",
      "integrity": "sha512-eW+8dqGUqVbuzmFdyjhwizzH1FF9Mey5tvRZqzDSG1nTzlMgzQfrF/R0NEuqJdxUyjDFXiO4NyhUivFQ65CsdA==",
      "peer": true,
      "dependencies": {
        "tslib": "^2.3.0"
      },
      "engines": {
        "node": "^12.20.0 || ^14.15.0 || >=16.10.0"
      },
      "peerDependencies": {
        "rxjs": "^6.5.3 || ^7.4.0",
        "zone.js": "~0.11.4"
      }
    },
    "node_modules/dom7": {
      "version": "4.0.2",
      "resolved": "https://registry.npmjs.org/dom7/-/dom7-4.0.2.tgz",
      "integrity": "sha512-Ji4t3Y/vNQg6Q9bR+Syx6Td8qiq8116LE9h4OzbPuxdxK7DyyX7i8EXkYgBX6+EiX6+oYXDTH5BSN29G/n4jug==",
      "peer": true,
      "dependencies": {
        "ssr-window": "^4.0.0"
      }
    },
    "node_modules/ngx-swiper-wrapper": {
      "version": "10.0.0",
      "resolved": "https://registry.npmjs.org/ngx-swiper-wrapper/-/ngx-swiper-wrapper-10.0.0.tgz",
      "integrity": "sha512-cP7yCV1j9fyPkaEu4muec+4ChwpYq1zn62qR6HcZttZgPcqaSEd8yLB7fp61ASAWR31iKUycVhqNtmsYstMXpA==",
      "dependencies": {
        "tslib": "^2.0.0"
      },
      "peerDependencies": {
        "@angular/common": ">=9.0.0",
        "@angular/core": ">=9.0.0",
        "swiper": ">=6.0.0"
      }
    },
    "node_modules/rxjs": {
      "version": "7.4.0",
      "resolved": "https://registry.npmjs.org/rxjs/-/rxjs-7.4.0.tgz",
      "integrity": "sha512-7SQDi7xeTMCJpqViXh8gL/lebcwlp3d831F05+9B44A4B0WfsEwUQHR64gsH1kvJ+Ep/J9K2+n1hVl1CsGN23w==",
      "peer": true,
      "dependencies": {
        "tslib": "~2.1.0"
      }
    },
    "node_modules/rxjs/node_modules/tslib": {
      "version": "2.1.0",
      "resolved": "https://registry.npmjs.org/tslib/-/tslib-2.1.0.tgz",
      "integrity": "sha512-hcVC3wYEziELGGmEEXue7D75zbwIIVUMWAVbHItGPx0ziyXxrOMQx4rQEVEV45Ut/1IotuEvwqPopzIOkDMf0A==",
      "peer": true
    },
    "node_modules/ssr-window": {
      "version": "4.0.2",
      "resolved": "https://registry.npmjs.org/ssr-window/-/ssr-window-4.0.2.tgz",
      "integrity": "sha512-ISv/Ch+ig7SOtw7G2+qkwfVASzazUnvlDTwypdLoPoySv+6MqlOV10VwPSE6EWkGjhW50lUmghPmpYZXMu/+AQ==",
      "peer": true
    },
    "node_modules/swiper": {
      "version": "7.3.2",
      "resolved": "https://registry.npmjs.org/swiper/-/swiper-7.3.2.tgz",
      "integrity": "sha512-0l0YaGAIV+lo/4qBcdR/UeWNub9OWXAAa4LDjaHUXkfQTInFTzz4pb6OHtlLZVgu8wTOFnvq6+1DtU4dSbg8Xw==",
      "funding": [
        {
          "type": "patreon",
          "url": "https://www.patreon.com/swiperjs"
        },
        {
          "type": "open_collective",
          "url": "http://opencollective.com/swiper"
        }
      ],
      "hasInstallScript": true,
      "peer": true,
      "dependencies": {
        "dom7": "^4.0.2",
        "ssr-window": "^4.0.2"
      },
      "engines": {
        "node": ">= 4.7.0"
      }
    },
    "node_modules/tslib": {
      "version": "2.3.1",
      "resolved": "https://registry.npmjs.org/tslib/-/tslib-2.3.1.tgz",
      "integrity": "sha512-77EbyPPpMz+FRFRuAFlWMtmgUWGe9UOG2Z25NqCwiIjRhOf5iKGuzSe5P2w1laq+FkRy4p+PCuVkJSGkzTEKVw=="
    },
    "node_modules/zone.js": {
      "version": "0.11.4",
      "resolved": "https://registry.npmjs.org/zone.js/-/zone.js-0.11.4.tgz",
      "integrity": "sha512-DDh2Ab+A/B+9mJyajPjHFPWfYU1H+pdun4wnnk0OcQTNjem1XQSZ2CDW+rfZEUDjv5M19SBqAkjZi0x5wuB5Qw==",
      "peer": true,
      "dependencies": {
        "tslib": "^2.0.0"
      }
    }
  },
  "dependencies": {
    "@angular/common": {
      "version": "13.1.0",
      "resolved": "https://registry.npmjs.org/@angular/common/-/common-13.1.0.tgz",
      "integrity": "sha512-bDuxl9N2fsaDrkNNuyNEdXMLwCCkjT9ru03QzP+b9RxmCBoUGeHD0uN61N5PMrsKq2RxB6jv4MJQJjT+jQqTsA==",
      "peer": true,
      "requires": {
        "tslib": "^2.3.0"
      }
    },
    "@angular/core": {
      "version": "13.1.0",
      "resolved": "https://registry.npmjs.org/@angular/core/-/core-13.1.0.tgz",
      "integrity": "sha512-eW+8dqGUqVbuzmFdyjhwizzH1FF9Mey5tvRZqzDSG1nTzlMgzQfrF/R0NEuqJdxUyjDFXiO4NyhUivFQ65CsdA==",
      "peer": true,
      "requires": {
        "tslib": "^2.3.0"
      }
    },
    "dom7": {
      "version": "4.0.2",
      "resolved": "https://registry.npmjs.org/dom7/-/dom7-4.0.2.tgz",
      "integrity": "sha512-Ji4t3Y/vNQg6Q9bR+Syx6Td8qiq8116LE9h4OzbPuxdxK7DyyX7i8EXkYgBX6+EiX6+oYXDTH5BSN29G/n4jug==",
      "peer": true,
      "requires": {
        "ssr-window": "^4.0.0"
      }
    },
    "ngx-swiper-wrapper": {
      "version": "10.0.0",
      "resolved": "https://registry.npmjs.org/ngx-swiper-wrapper/-/ngx-swiper-wrapper-10.0.0.tgz",
      "integrity": "sha512-cP7yCV1j9fyPkaEu4muec+4ChwpYq1zn62qR6HcZttZgPcqaSEd8yLB7fp61ASAWR31iKUycVhqNtmsYstMXpA==",
      "requires": {
        "tslib": "^2.0.0"
      }
    },
    "rxjs": {
      "version": "7.4.0",
      "resolved": "https://registry.npmjs.org/rxjs/-/rxjs-7.4.0.tgz",
      "integrity": "sha512-7SQDi7xeTMCJpqViXh8gL/lebcwlp3d831F05+9B44A4B0WfsEwUQHR64gsH1kvJ+Ep/J9K2+n1hVl1CsGN23w==",
      "peer": true,
      "requires": {
        "tslib": "~2.1.0"
      },
      "dependencies": {
        "tslib": {
          "version": "2.1.0",
          "resolved": "https://registry.npmjs.org/tslib/-/tslib-2.1.0.tgz",
          "integrity": "sha512-hcVC3wYEziELGGmEEXue7D75zbwIIVUMWAVbHItGPx0ziyXxrOMQx4rQEVEV45Ut/1IotuEvwqPopzIOkDMf0A==",
          "peer": true
        }
      }
    },
    "ssr-window": {
      "version": "4.0.2",
      "resolved": "https://registry.npmjs.org/ssr-window/-/ssr-window-4.0.2.tgz",
      "integrity": "sha512-ISv/Ch+ig7SOtw7G2+qkwfVASzazUnvlDTwypdLoPoySv+6MqlOV10VwPSE6EWkGjhW50lUmghPmpYZXMu/+AQ==",
      "peer": true
    },
    "swiper": {
      "version": "7.3.2",
      "resolved": "https://registry.npmjs.org/swiper/-/swiper-7.3.2.tgz",
      "integrity": "sha512-0l0YaGAIV+lo/4qBcdR/UeWNub9OWXAAa4LDjaHUXkfQTInFTzz4pb6OHtlLZVgu8wTOFnvq6+1DtU4dSbg8Xw==",
      "peer": true,
      "requires": {
        "dom7": "^4.0.2",
        "ssr-window": "^4.0.2"
      }
    },
    "tslib": {
      "version": "2.3.1",
      "resolved": "https://registry.npmjs.org/tslib/-/tslib-2.3.1.tgz",
      "integrity": "sha512-77EbyPPpMz+FRFRuAFlWMtmgUWGe9UOG2Z25NqCwiIjRhOf5iKGuzSe5P2w1laq+FkRy4p+PCuVkJSGkzTEKVw=="
    },
    "zone.js": {
      "version": "0.11.4",
      "resolved": "https://registry.npmjs.org/zone.js/-/zone.js-0.11.4.tgz",
      "integrity": "sha512-DDh2Ab+A/B+9mJyajPjHFPWfYU1H+pdun4wnnk0OcQTNjem1XQSZ2CDW+rfZEUDjv5M19SBqAkjZi0x5wuB5Qw==",
      "peer": true,
      "requires": {
        "tslib": "^2.0.0"
      }
    }
  }
}
