
Microsoft Visual Studio Solution File, Format Version 12.00
# Visual Studio Version 16
VisualStudioVersion = 16.0.31205.134
MinimumVisualStudioVersion = 10.0.40219.1
Project("{FAE04EC0-301F-11D3-BF4B-00C04F79EFBC}") = "DataLayer", "DataLayer\DataLayer.csproj", "{98DF099C-A26C-4476-9287-1C6D27C2A913}"
EndProject
Global
	GlobalSection(SolutionConfigurationPlatforms) = preSolution
		Debug|Any CPU = Debug|Any CPU
		Release|Any CPU = Release|Any CPU
	EndGlobalSection
	GlobalSection(ProjectConfigurationPlatforms) = postSolution
		{98DF099C-A26C-4476-9287-1C6D27C2A913}.Debug|Any CPU.ActiveCfg = Debug|Any CPU
		{98DF099C-A26C-4476-9287-1C6D27C2A913}.Debug|Any CPU.Build.0 = Debug|Any CPU
		{98DF099C-A26C-4476-9287-1C6D27C2A913}.Release|Any CPU.ActiveCfg = Release|Any CPU
		{98DF099C-A26C-4476-9287-1C6D27C2A913}.Release|Any CPU.Build.0 = Release|Any CPU
	EndGlobalSection
	GlobalSection(SolutionProperties) = preSolution
		HideSolutionNode = FALSE
	EndGlobalSection
	GlobalSection(ExtensibilityGlobals) = postSolution
		SolutionGuid = {CE133E48-5762-432E-83B0-79F8F5CEB5C2}
	EndGlobalSection
EndGlobal
